
Microsoft Visual Studio Solution File, Format Version 12.00
# Visual Studio Version 17
VisualStudioVersion = 17.11.35327.3
MinimumVisualStudioVersion = 10.0.40219.1
Project("{FAE04EC0-301F-11D3-BF4B-00C04F79EFBC}") = "SVelkym", "SVelkym\SVelkym.csproj", "{51767F0A-6FCE-43AD-91A9-C87C357F460A}"
EndProject
Global
	GlobalSection(SolutionConfigurationPlatforms) = preSolution
		Debug|Any CPU = Debug|Any CPU
		Release|Any CPU = Release|Any CPU
	EndGlobalSection
	GlobalSection(ProjectConfigurationPlatforms) = postSolution
		{51767F0A-6FCE-43AD-91A9-C87C357F460A}.Debug|Any CPU.ActiveCfg = Debug|Any CPU
		{51767F0A-6FCE-43AD-91A9-C87C357F460A}.Debug|Any CPU.Build.0 = Debug|Any CPU
		{51767F0A-6FCE-43AD-91A9-C87C357F460A}.Release|Any CPU.ActiveCfg = Release|Any CPU
		{51767F0A-6FCE-43AD-91A9-C87C357F460A}.Release|Any CPU.Build.0 = Release|Any CPU
	EndGlobalSection
	GlobalSection(SolutionProperties) = preSolution
		HideSolutionNode = FALSE
	EndGlobalSection
	GlobalSection(ExtensibilityGlobals) = postSolution
		SolutionGuid = {054D02DB-05F6-4CDC-BEFE-EC1A8145994C}
	EndGlobalSection
EndGlobal
