
Microsoft Visual Studio Solution File, Format Version 12.00
# Visual Studio Version 17
VisualStudioVersion = 17.11.35327.3
MinimumVisualStudioVersion = 10.0.40219.1
Project("{FAE04EC0-301F-11D3-BF4B-00C04F79EFBC}") = "Naplneni_vypis_pole", "Naplneni_vypis_pole\Naplneni_vypis_pole.csproj", "{A430A8A3-2C98-4DF4-8628-BD667142F67E}"
EndProject
Global
	GlobalSection(SolutionConfigurationPlatforms) = preSolution
		Debug|Any CPU = Debug|Any CPU
		Release|Any CPU = Release|Any CPU
	EndGlobalSection
	GlobalSection(ProjectConfigurationPlatforms) = postSolution
		{A430A8A3-2C98-4DF4-8628-BD667142F67E}.Debug|Any CPU.ActiveCfg = Debug|Any CPU
		{A430A8A3-2C98-4DF4-8628-BD667142F67E}.Debug|Any CPU.Build.0 = Debug|Any CPU
		{A430A8A3-2C98-4DF4-8628-BD667142F67E}.Release|Any CPU.ActiveCfg = Release|Any CPU
		{A430A8A3-2C98-4DF4-8628-BD667142F67E}.Release|Any CPU.Build.0 = Release|Any CPU
	EndGlobalSection
	GlobalSection(SolutionProperties) = preSolution
		HideSolutionNode = FALSE
	EndGlobalSection
	GlobalSection(ExtensibilityGlobals) = postSolution
		SolutionGuid = {20DD56EE-9070-4BC1-A7C4-032C39AC763C}
	EndGlobalSection
EndGlobal
