
Microsoft Visual Studio Solution File, Format Version 12.00
# Visual Studio Version 17
VisualStudioVersion = 17.11.35327.3
MinimumVisualStudioVersion = 10.0.40219.1
Project("{FAE04EC0-301F-11D3-BF4B-00C04F79EFBC}") = "od_min_do_max", "od_min_do_max\od_min_do_max.csproj", "{D22E4855-379E-4888-8BED-82640668CC29}"
EndProject
Global
	GlobalSection(SolutionConfigurationPlatforms) = preSolution
		Debug|Any CPU = Debug|Any CPU
		Release|Any CPU = Release|Any CPU
	EndGlobalSection
	GlobalSection(ProjectConfigurationPlatforms) = postSolution
		{D22E4855-379E-4888-8BED-82640668CC29}.Debug|Any CPU.ActiveCfg = Debug|Any CPU
		{D22E4855-379E-4888-8BED-82640668CC29}.Debug|Any CPU.Build.0 = Debug|Any CPU
		{D22E4855-379E-4888-8BED-82640668CC29}.Release|Any CPU.ActiveCfg = Release|Any CPU
		{D22E4855-379E-4888-8BED-82640668CC29}.Release|Any CPU.Build.0 = Release|Any CPU
	EndGlobalSection
	GlobalSection(SolutionProperties) = preSolution
		HideSolutionNode = FALSE
	EndGlobalSection
	GlobalSection(ExtensibilityGlobals) = postSolution
		SolutionGuid = {B37CDCCF-C007-45C8-A2D4-579A52324308}
	EndGlobalSection
EndGlobal
