
Microsoft Visual Studio Solution File, Format Version 12.00
# Visual Studio Version 17
VisualStudioVersion = 17.11.35222.181
MinimumVisualStudioVersion = 10.0.40219.1
Project("{FAE04EC0-301F-11D3-BF4B-00C04F79EFBC}") = "KdyPadne6", "KdyPadne6\KdyPadne6.csproj", "{CEE8F78F-F9F4-4B2D-B59A-9DFB40F44ED7}"
EndProject
Global
	GlobalSection(SolutionConfigurationPlatforms) = preSolution
		Debug|Any CPU = Debug|Any CPU
		Release|Any CPU = Release|Any CPU
	EndGlobalSection
	GlobalSection(ProjectConfigurationPlatforms) = postSolution
		{CEE8F78F-F9F4-4B2D-B59A-9DFB40F44ED7}.Debug|Any CPU.ActiveCfg = Debug|Any CPU
		{CEE8F78F-F9F4-4B2D-B59A-9DFB40F44ED7}.Debug|Any CPU.Build.0 = Debug|Any CPU
		{CEE8F78F-F9F4-4B2D-B59A-9DFB40F44ED7}.Release|Any CPU.ActiveCfg = Release|Any CPU
		{CEE8F78F-F9F4-4B2D-B59A-9DFB40F44ED7}.Release|Any CPU.Build.0 = Release|Any CPU
	EndGlobalSection
	GlobalSection(SolutionProperties) = preSolution
		HideSolutionNode = FALSE
	EndGlobalSection
	GlobalSection(ExtensibilityGlobals) = postSolution
		SolutionGuid = {C1F3603E-D9DA-409F-868A-0AE9F655295C}
	EndGlobalSection
EndGlobal
