
Microsoft Visual Studio Solution File, Format Version 12.00
# Visual Studio Version 17
VisualStudioVersion = 17.11.35222.181
MinimumVisualStudioVersion = 10.0.40219.1
Project("{FAE04EC0-301F-11D3-BF4B-00C04F79EFBC}") = "MalaNasobilka", "MalaNasobilka\MalaNasobilka.csproj", "{42EE4303-2ECA-4596-949E-B51D9B011EA0}"
EndProject
Global
	GlobalSection(SolutionConfigurationPlatforms) = preSolution
		Debug|Any CPU = Debug|Any CPU
		Release|Any CPU = Release|Any CPU
	EndGlobalSection
	GlobalSection(ProjectConfigurationPlatforms) = postSolution
		{42EE4303-2ECA-4596-949E-B51D9B011EA0}.Debug|Any CPU.ActiveCfg = Debug|Any CPU
		{42EE4303-2ECA-4596-949E-B51D9B011EA0}.Debug|Any CPU.Build.0 = Debug|Any CPU
		{42EE4303-2ECA-4596-949E-B51D9B011EA0}.Release|Any CPU.ActiveCfg = Release|Any CPU
		{42EE4303-2ECA-4596-949E-B51D9B011EA0}.Release|Any CPU.Build.0 = Release|Any CPU
	EndGlobalSection
	GlobalSection(SolutionProperties) = preSolution
		HideSolutionNode = FALSE
	EndGlobalSection
	GlobalSection(ExtensibilityGlobals) = postSolution
		SolutionGuid = {110E3E00-7750-48F2-AB5F-C96D30E3CEFC}
	EndGlobalSection
EndGlobal
