
Microsoft Visual Studio Solution File, Format Version 12.00
# Visual Studio Version 17
VisualStudioVersion = 17.11.35222.181
MinimumVisualStudioVersion = 10.0.40219.1
Project("{FAE04EC0-301F-11D3-BF4B-00C04F79EFBC}") = "SerieSestek", "SerieSestek\SerieSestek.csproj", "{90089AA8-8D45-4AF1-BA94-FE3AEF3A0BD3}"
EndProject
Global
	GlobalSection(SolutionConfigurationPlatforms) = preSolution
		Debug|Any CPU = Debug|Any CPU
		Release|Any CPU = Release|Any CPU
	EndGlobalSection
	GlobalSection(ProjectConfigurationPlatforms) = postSolution
		{90089AA8-8D45-4AF1-BA94-FE3AEF3A0BD3}.Debug|Any CPU.ActiveCfg = Debug|Any CPU
		{90089AA8-8D45-4AF1-BA94-FE3AEF3A0BD3}.Debug|Any CPU.Build.0 = Debug|Any CPU
		{90089AA8-8D45-4AF1-BA94-FE3AEF3A0BD3}.Release|Any CPU.ActiveCfg = Release|Any CPU
		{90089AA8-8D45-4AF1-BA94-FE3AEF3A0BD3}.Release|Any CPU.Build.0 = Release|Any CPU
	EndGlobalSection
	GlobalSection(SolutionProperties) = preSolution
		HideSolutionNode = FALSE
	EndGlobalSection
	GlobalSection(ExtensibilityGlobals) = postSolution
		SolutionGuid = {824F59AE-53A1-4C55-91B4-49B9515A7414}
	EndGlobalSection
EndGlobal
