
Microsoft Visual Studio Solution File, Format Version 12.00
# Visual Studio Version 17
VisualStudioVersion = 17.11.35327.3
MinimumVisualStudioVersion = 10.0.40219.1
Project("{FAE04EC0-301F-11D3-BF4B-00C04F79EFBC}") = "zarotuj_pole", "zarotuj_pole\zarotuj_pole.csproj", "{6B673A95-7C09-4CF8-88C0-7428AA79D4F2}"
EndProject
Global
	GlobalSection(SolutionConfigurationPlatforms) = preSolution
		Debug|Any CPU = Debug|Any CPU
		Release|Any CPU = Release|Any CPU
	EndGlobalSection
	GlobalSection(ProjectConfigurationPlatforms) = postSolution
		{6B673A95-7C09-4CF8-88C0-7428AA79D4F2}.Debug|Any CPU.ActiveCfg = Debug|Any CPU
		{6B673A95-7C09-4CF8-88C0-7428AA79D4F2}.Debug|Any CPU.Build.0 = Debug|Any CPU
		{6B673A95-7C09-4CF8-88C0-7428AA79D4F2}.Release|Any CPU.ActiveCfg = Release|Any CPU
		{6B673A95-7C09-4CF8-88C0-7428AA79D4F2}.Release|Any CPU.Build.0 = Release|Any CPU
	EndGlobalSection
	GlobalSection(SolutionProperties) = preSolution
		HideSolutionNode = FALSE
	EndGlobalSection
	GlobalSection(ExtensibilityGlobals) = postSolution
		SolutionGuid = {316227C2-25B3-4E79-8432-6A0B721804CC}
	EndGlobalSection
EndGlobal
