
Microsoft Visual Studio Solution File, Format Version 12.00
# Visual Studio Version 17
VisualStudioVersion = 17.11.35222.181
MinimumVisualStudioVersion = 10.0.40219.1
Project("{FAE04EC0-301F-11D3-BF4B-00C04F79EFBC}") = "PoctyPodleParity", "PoctyPodleParity\PoctyPodleParity.csproj", "{CE3AB59F-1B0C-4DF6-A807-D45D19626D83}"
EndProject
Global
	GlobalSection(SolutionConfigurationPlatforms) = preSolution
		Debug|Any CPU = Debug|Any CPU
		Release|Any CPU = Release|Any CPU
	EndGlobalSection
	GlobalSection(ProjectConfigurationPlatforms) = postSolution
		{CE3AB59F-1B0C-4DF6-A807-D45D19626D83}.Debug|Any CPU.ActiveCfg = Debug|Any CPU
		{CE3AB59F-1B0C-4DF6-A807-D45D19626D83}.Debug|Any CPU.Build.0 = Debug|Any CPU
		{CE3AB59F-1B0C-4DF6-A807-D45D19626D83}.Release|Any CPU.ActiveCfg = Release|Any CPU
		{CE3AB59F-1B0C-4DF6-A807-D45D19626D83}.Release|Any CPU.Build.0 = Release|Any CPU
	EndGlobalSection
	GlobalSection(SolutionProperties) = preSolution
		HideSolutionNode = FALSE
	EndGlobalSection
	GlobalSection(ExtensibilityGlobals) = postSolution
		SolutionGuid = {BF090629-D5FB-4796-A9CE-861361121B9C}
	EndGlobalSection
EndGlobal
