
Microsoft Visual Studio Solution File, Format Version 12.00
# Visual Studio Version 17
VisualStudioVersion = 17.11.35312.102
MinimumVisualStudioVersion = 10.0.40219.1
Project("{FAE04EC0-301F-11D3-BF4B-00C04F79EFBC}") = "tvorba_dvouznaku", "tvorba_dvouznaku\tvorba_dvouznaku.csproj", "{5EE705F4-C097-4678-BB18-68A7A62C8CCD}"
EndProject
Global
	GlobalSection(SolutionConfigurationPlatforms) = preSolution
		Debug|Any CPU = Debug|Any CPU
		Release|Any CPU = Release|Any CPU
	EndGlobalSection
	GlobalSection(ProjectConfigurationPlatforms) = postSolution
		{5EE705F4-C097-4678-BB18-68A7A62C8CCD}.Debug|Any CPU.ActiveCfg = Debug|Any CPU
		{5EE705F4-C097-4678-BB18-68A7A62C8CCD}.Debug|Any CPU.Build.0 = Debug|Any CPU
		{5EE705F4-C097-4678-BB18-68A7A62C8CCD}.Release|Any CPU.ActiveCfg = Release|Any CPU
		{5EE705F4-C097-4678-BB18-68A7A62C8CCD}.Release|Any CPU.Build.0 = Release|Any CPU
	EndGlobalSection
	GlobalSection(SolutionProperties) = preSolution
		HideSolutionNode = FALSE
	EndGlobalSection
	GlobalSection(ExtensibilityGlobals) = postSolution
		SolutionGuid = {19ABFF6D-AE47-406A-9F08-9B8106988AF9}
	EndGlobalSection
EndGlobal
