
Microsoft Visual Studio Solution File, Format Version 12.00
# Visual Studio Version 17
VisualStudioVersion = 17.12.35527.113 d17.12
MinimumVisualStudioVersion = 10.0.40219.1
Project("{FAE04EC0-301F-11D3-BF4B-00C04F79EFBC}") = "done_ucetni", "done_ucetni\done_ucetni.csproj", "{72F113DA-3290-47EA-92AB-C0DB8057251F}"
EndProject
Global
	GlobalSection(SolutionConfigurationPlatforms) = preSolution
		Debug|Any CPU = Debug|Any CPU
		Release|Any CPU = Release|Any CPU
	EndGlobalSection
	GlobalSection(ProjectConfigurationPlatforms) = postSolution
		{72F113DA-3290-47EA-92AB-C0DB8057251F}.Debug|Any CPU.ActiveCfg = Debug|Any CPU
		{72F113DA-3290-47EA-92AB-C0DB8057251F}.Debug|Any CPU.Build.0 = Debug|Any CPU
		{72F113DA-3290-47EA-92AB-C0DB8057251F}.Release|Any CPU.ActiveCfg = Release|Any CPU
		{72F113DA-3290-47EA-92AB-C0DB8057251F}.Release|Any CPU.Build.0 = Release|Any CPU
	EndGlobalSection
	GlobalSection(SolutionProperties) = preSolution
		HideSolutionNode = FALSE
	EndGlobalSection
EndGlobal
