
Microsoft Visual Studio Solution File, Format Version 12.00
# Visual Studio Version 17
VisualStudioVersion = 17.11.35327.3
MinimumVisualStudioVersion = 10.0.40219.1
Project("{FAE04EC0-301F-11D3-BF4B-00C04F79EFBC}") = "For_cyklus", "For_cyklus\For_cyklus.csproj", "{BB010B9B-3E66-4B45-8C69-A1EC39978195}"
EndProject
Global
	GlobalSection(SolutionConfigurationPlatforms) = preSolution
		Debug|Any CPU = Debug|Any CPU
		Release|Any CPU = Release|Any CPU
	EndGlobalSection
	GlobalSection(ProjectConfigurationPlatforms) = postSolution
		{BB010B9B-3E66-4B45-8C69-A1EC39978195}.Debug|Any CPU.ActiveCfg = Debug|Any CPU
		{BB010B9B-3E66-4B45-8C69-A1EC39978195}.Debug|Any CPU.Build.0 = Debug|Any CPU
		{BB010B9B-3E66-4B45-8C69-A1EC39978195}.Release|Any CPU.ActiveCfg = Release|Any CPU
		{BB010B9B-3E66-4B45-8C69-A1EC39978195}.Release|Any CPU.Build.0 = Release|Any CPU
	EndGlobalSection
	GlobalSection(SolutionProperties) = preSolution
		HideSolutionNode = FALSE
	EndGlobalSection
	GlobalSection(ExtensibilityGlobals) = postSolution
		SolutionGuid = {878B5FC6-254D-45FD-B308-60B3CD84A82D}
	EndGlobalSection
EndGlobal
