
Microsoft Visual Studio Solution File, Format Version 12.00
# Visual Studio Version 17
VisualStudioVersion = 17.11.35312.102
MinimumVisualStudioVersion = 10.0.40219.1
Project("{FAE04EC0-301F-11D3-BF4B-00C04F79EFBC}") = "hadani_cisel", "hadani_cisel\hadani_cisel.csproj", "{5612EEAE-D712-41EA-9664-44297B1B45D8}"
EndProject
Global
	GlobalSection(SolutionConfigurationPlatforms) = preSolution
		Debug|Any CPU = Debug|Any CPU
		Release|Any CPU = Release|Any CPU
	EndGlobalSection
	GlobalSection(ProjectConfigurationPlatforms) = postSolution
		{5612EEAE-D712-41EA-9664-44297B1B45D8}.Debug|Any CPU.ActiveCfg = Debug|Any CPU
		{5612EEAE-D712-41EA-9664-44297B1B45D8}.Debug|Any CPU.Build.0 = Debug|Any CPU
		{5612EEAE-D712-41EA-9664-44297B1B45D8}.Release|Any CPU.ActiveCfg = Release|Any CPU
		{5612EEAE-D712-41EA-9664-44297B1B45D8}.Release|Any CPU.Build.0 = Release|Any CPU
	EndGlobalSection
	GlobalSection(SolutionProperties) = preSolution
		HideSolutionNode = FALSE
	EndGlobalSection
	GlobalSection(ExtensibilityGlobals) = postSolution
		SolutionGuid = {963E7EE0-CFEA-4E55-8EE9-AC794FDA9345}
	EndGlobalSection
EndGlobal
